
Microsoft Visual Studio Solution File, Format Version 12.00
# Visual Studio Version 17
VisualStudioVersion = 17.14.36221.1 d17.14
MinimumVisualStudioVersion = 10.0.40219.1
Project("{FAE04EC0-301F-11D3-BF4B-00C04F79EFBC}") = "lc", "lc\lc.csproj", "{7E3B0396-8E46-4890-BF70-FD16209CB765}"
EndProject
Global
	GlobalSection(SolutionConfigurationPlatforms) = preSolution
		Debug|Any CPU = Debug|Any CPU
		Release|Any CPU = Release|Any CPU
	EndGlobalSection
	GlobalSection(ProjectConfigurationPlatforms) = postSolution
		{7E3B0396-8E46-4890-BF70-FD16209CB765}.Debug|Any CPU.ActiveCfg = Debug|Any CPU
		{7E3B0396-8E46-4890-BF70-FD16209CB765}.Debug|Any CPU.Build.0 = Debug|Any CPU
		{7E3B0396-8E46-4890-BF70-FD16209CB765}.Release|Any CPU.ActiveCfg = Release|Any CPU
		{7E3B0396-8E46-4890-BF70-FD16209CB765}.Release|Any CPU.Build.0 = Release|Any CPU
	EndGlobalSection
	GlobalSection(SolutionProperties) = preSolution
		HideSolutionNode = FALSE
	EndGlobalSection
	GlobalSection(ExtensibilityGlobals) = postSolution
		SolutionGuid = {8F695D1C-34DD-4CDB-BEF2-EE2617D8FE40}
	EndGlobalSection
EndGlobal
